{
  "requires": true,
  "lockfileVersion": 1,
  "dependencies": {
    "browser-es-module-loader": {
      "version": "0.4.1",
      "resolved": "https://registry.npmjs.org/browser-es-module-loader/-/browser-es-module-loader-0.4.1.tgz",
      "integrity": "sha1-E4tH50qrO9I8dYHlNhiCSyCmadQ="
    }
  }
}
